
Microsoft Visual Studio Solution File, Format Version 12.00
# Visual Studio Version 17
VisualStudioVersion = 17.7.34221.43
MinimumVisualStudioVersion = 10.0.40219.1
Project("{FAE04EC0-301F-11D3-BF4B-00C04F79EFBC}") = "2.sinavaOrnek", "2.sinavaOrnek\2.sinavaOrnek.csproj", "{55650EED-A39C-41D0-B190-3559E0EB3E17}"
EndProject
Global
	GlobalSection(SolutionConfigurationPlatforms) = preSolution
		Debug|Any CPU = Debug|Any CPU
		Release|Any CPU = Release|Any CPU
	EndGlobalSection
	GlobalSection(ProjectConfigurationPlatforms) = postSolution
		{55650EED-A39C-41D0-B190-3559E0EB3E17}.Debug|Any CPU.ActiveCfg = Debug|Any CPU
		{55650EED-A39C-41D0-B190-3559E0EB3E17}.Debug|Any CPU.Build.0 = Debug|Any CPU
		{55650EED-A39C-41D0-B190-3559E0EB3E17}.Release|Any CPU.ActiveCfg = Release|Any CPU
		{55650EED-A39C-41D0-B190-3559E0EB3E17}.Release|Any CPU.Build.0 = Release|Any CPU
	EndGlobalSection
	GlobalSection(SolutionProperties) = preSolution
		HideSolutionNode = FALSE
	EndGlobalSection
	GlobalSection(ExtensibilityGlobals) = postSolution
		SolutionGuid = {3519F292-825A-478B-B757-4C895D2C3777}
	EndGlobalSection
EndGlobal
